
Microsoft Visual Studio Solution File, Format Version 12.00
# Visual Studio Version 16
VisualStudioVersion = 16.0.32413.511
MinimumVisualStudioVersion = 10.0.40219.1
Project("{888888A0-9F3D-457C-B088-3A5042F75D52}") = "Euclidain Algorithm", "Euclidain Algorithm.pyproj", "{EDA34C23-7B6C-4A4A-A234-EDD2800E1628}"
EndProject
Global
	GlobalSection(SolutionConfigurationPlatforms) = preSolution
		Debug|Any CPU = Debug|Any CPU
		Release|Any CPU = Release|Any CPU
	EndGlobalSection
	GlobalSection(ProjectConfigurationPlatforms) = postSolution
		{EDA34C23-7B6C-4A4A-A234-EDD2800E1628}.Debug|Any CPU.ActiveCfg = Debug|Any CPU
		{EDA34C23-7B6C-4A4A-A234-EDD2800E1628}.Release|Any CPU.ActiveCfg = Release|Any CPU
	EndGlobalSection
	GlobalSection(SolutionProperties) = preSolution
		HideSolutionNode = FALSE
	EndGlobalSection
	GlobalSection(ExtensibilityGlobals) = postSolution
		SolutionGuid = {D620408B-408A-49A0-B7D0-39E5D16BF8F5}
	EndGlobalSection
EndGlobal
